
Microsoft Visual Studio Solution File, Format Version 12.00
# Visual Studio Version 17
VisualStudioVersion = 17.14.36429.23
MinimumVisualStudioVersion = 10.0.40219.1
Project("{54A90642-561A-4BB1-A94E-469ADEE60C69}") = "taxiassignment.client", "taxiassignment.client\taxiassignment.client.esproj", "{B8223CBF-EB5C-9025-AC4B-B3D8EF5CAC66}"
EndProject
Project("{FAE04EC0-301F-11D3-BF4B-00C04F79EFBC}") = "TaxiAssignment.Server", "TaxiAssignment.Server\TaxiAssignment.Server.csproj", "{AFFD97F7-E7D9-4321-9EA6-FD2565EFBA7C}"
EndProject
Project("{FAE04EC0-301F-11D3-BF4B-00C04F79EFBC}") = "TaxiAssignment.Tests", "TaxiAssignment.Tests\TaxiAssignment.Tests.csproj", "{B70269FD-4180-44DA-9F41-097CDEDCD542}"
EndProject
Global
	GlobalSection(SolutionConfigurationPlatforms) = preSolution
		Debug|Any CPU = Debug|Any CPU
		Release|Any CPU = Release|Any CPU
	EndGlobalSection
	GlobalSection(ProjectConfigurationPlatforms) = postSolution
		{B8223CBF-EB5C-9025-AC4B-B3D8EF5CAC66}.Debug|Any CPU.ActiveCfg = Debug|Any CPU
		{B8223CBF-EB5C-9025-AC4B-B3D8EF5CAC66}.Debug|Any CPU.Build.0 = Debug|Any CPU
		{B8223CBF-EB5C-9025-AC4B-B3D8EF5CAC66}.Debug|Any CPU.Deploy.0 = Debug|Any CPU
		{B8223CBF-EB5C-9025-AC4B-B3D8EF5CAC66}.Release|Any CPU.ActiveCfg = Release|Any CPU
		{B8223CBF-EB5C-9025-AC4B-B3D8EF5CAC66}.Release|Any CPU.Build.0 = Release|Any CPU
		{B8223CBF-EB5C-9025-AC4B-B3D8EF5CAC66}.Release|Any CPU.Deploy.0 = Release|Any CPU
		{AFFD97F7-E7D9-4321-9EA6-FD2565EFBA7C}.Debug|Any CPU.ActiveCfg = Debug|Any CPU
		{AFFD97F7-E7D9-4321-9EA6-FD2565EFBA7C}.Debug|Any CPU.Build.0 = Debug|Any CPU
		{AFFD97F7-E7D9-4321-9EA6-FD2565EFBA7C}.Release|Any CPU.ActiveCfg = Release|Any CPU
		{AFFD97F7-E7D9-4321-9EA6-FD2565EFBA7C}.Release|Any CPU.Build.0 = Release|Any CPU
		{B70269FD-4180-44DA-9F41-097CDEDCD542}.Debug|Any CPU.ActiveCfg = Debug|Any CPU
		{B70269FD-4180-44DA-9F41-097CDEDCD542}.Debug|Any CPU.Build.0 = Debug|Any CPU
		{B70269FD-4180-44DA-9F41-097CDEDCD542}.Release|Any CPU.ActiveCfg = Release|Any CPU
		{B70269FD-4180-44DA-9F41-097CDEDCD542}.Release|Any CPU.Build.0 = Release|Any CPU
	EndGlobalSection
	GlobalSection(SolutionProperties) = preSolution
		HideSolutionNode = FALSE
	EndGlobalSection
	GlobalSection(ExtensibilityGlobals) = postSolution
		SolutionGuid = {26FC9655-31A0-41DD-AE16-86BB53DD118E}
	EndGlobalSection
EndGlobal
